// !$*UTF8*$!
{
	archiveVersion = 1;
	classes = {
	};
	objectVersion = 50;
	objects = {

/* Begin PBXBuildFile section */
		3BD8B7072474F5AD009D1299 /* AppDelegate.swift in Sources */ = {isa = PBXBuildFile; fileRef = 3BD8B7062474F5AD009D1299 /* AppDelegate.swift */; };
		3BD8B7092474F5AD009D1299 /* SceneDelegate.swift in Sources */ = {isa = PBXBuildFile; fileRef = 3BD8B7082474F5AD009D1299 /* SceneDelegate.swift */; };
		3BD8B70C2474F5AD009D1299 /* hw_4.xcdatamodeld in Sources */ = {isa = PBXBuildFile; fileRef = 3BD8B70A2474F5AD009D1299 /* hw_4.xcdatamodeld */; };
		3BD8B70E2474F5AD009D1299 /* ContentView.swift in Sources */ = {isa = PBXBuildFile; fileRef = 3BD8B70D2474F5AD009D1299 /* ContentView.swift */; };
		3BD8B7102474F5AE009D1299 /* Assets.xcassets in Resources */ = {isa = PBXBuildFile; fileRef = 3BD8B70F2474F5AE009D1299 /* Assets.xcassets */; };
		3BD8B7132474F5AE009D1299 /* Preview Assets.xcassets in Resources */ = {isa = PBXBuildFile; fileRef = 3BD8B7122474F5AE009D1299 /* Preview Assets.xcassets */; };
		3BD8B7162474F5AE009D1299 /* LaunchScreen.storyboard in Resources */ = {isa = PBXBuildFile; fileRef = 3BD8B7142474F5AE009D1299 /* LaunchScreen.storyboard */; };
		3BD8B7222474F782009D1299 /* GoodsData.swift in Sources */ = {isa = PBXBuildFile; fileRef = 3BD8B7212474F782009D1299 /* GoodsData.swift */; };
		3BD8B7242474F88F009D1299 /* GoodsEditor.swift in Sources */ = {isa = PBXBuildFile; fileRef = 3BD8B7232474F88F009D1299 /* GoodsEditor.swift */; };
		3BD8B7282474FBE0009D1299 /* Goods.swift in Sources */ = {isa = PBXBuildFile; fileRef = 3BD8B7272474FBE0009D1299 /* Goods.swift */; };
		3BD8B72A247500B8009D1299 /* GoodsList.swift in Sources */ = {isa = PBXBuildFile; fileRef = 3BD8B729247500B8009D1299 /* GoodsList.swift */; };
		3BD8B72C2475015C009D1299 /* GoodsRow.swift in Sources */ = {isa = PBXBuildFile; fileRef = 3BD8B72B2475015C009D1299 /* GoodsRow.swift */; };
		3BD8B72E2475045A009D1299 /* allGoods.swift in Sources */ = {isa = PBXBuildFile; fileRef = 3BD8B72D2475045A009D1299 /* allGoods.swift */; };
		3BD8B73024750B11009D1299 /* Chart.swift in Sources */ = {isa = PBXBuildFile; fileRef = 3BD8B72F24750B11009D1299 /* Chart.swift */; };
		3BD8B73224751497009D1299 /* DonutChart.swift in Sources */ = {isa = PBXBuildFile; fileRef = 3BD8B73124751497009D1299 /* DonutChart.swift */; };
/* End PBXBuildFile section */

/* Begin PBXFileReference section */
		3BD8B7032474F5AD009D1299 /* hw-4.app */ = {isa = PBXFileReference; explicitFileType = wrapper.application; includeInIndex = 0; path = "hw-4.app"; sourceTree = BUILT_PRODUCTS_DIR; };
		3BD8B7062474F5AD009D1299 /* AppDelegate.swift */ = {isa = PBXFileReference; lastKnownFileType = sourcecode.swift; path = AppDelegate.swift; sourceTree = "<group>"; };
		3BD8B7082474F5AD009D1299 /* SceneDelegate.swift */ = {isa = PBXFileReference; lastKnownFileType = sourcecode.swift; path = SceneDelegate.swift; sourceTree = "<group>"; };
		3BD8B70B2474F5AD009D1299 /* hw_4.xcdatamodel */ = {isa = PBXFileReference; lastKnownFileType = wrapper.xcdatamodel; path = hw_4.xcdatamodel; sourceTree = "<group>"; };
		3BD8B70D2474F5AD009D1299 /* ContentView.swift */ = {isa = PBXFileReference; lastKnownFileType = sourcecode.swift; path = ContentView.swift; sourceTree = "<group>"; };
		3BD8B70F2474F5AE009D1299 /* Assets.xcassets */ = {isa = PBXFileReference; lastKnownFileType = folder.assetcatalog; path = Assets.xcassets; sourceTree = "<group>"; };
		3BD8B7122474F5AE009D1299 /* Preview Assets.xcassets */ = {isa = PBXFileReference; lastKnownFileType = folder.assetcatalog; path = "Preview Assets.xcassets"; sourceTree = "<group>"; };
		3BD8B7152474F5AE009D1299 /* Base */ = {isa = PBXFileReference; lastKnownFileType = file.storyboard; name = Base; path = Base.lproj/LaunchScreen.storyboard; sourceTree = "<group>"; };
		3BD8B7172474F5AE009D1299 /* Info.plist */ = {isa = PBXFileReference; lastKnownFileType = text.plist.xml; path = Info.plist; sourceTree = "<group>"; };
		3BD8B7212474F782009D1299 /* GoodsData.swift */ = {isa = PBXFileReference; lastKnownFileType = sourcecode.swift; path = GoodsData.swift; sourceTree = "<group>"; };
		3BD8B7232474F88F009D1299 /* GoodsEditor.swift */ = {isa = PBXFileReference; lastKnownFileType = sourcecode.swift; path = GoodsEditor.swift; sourceTree = "<group>"; };
		3BD8B7272474FBE0009D1299 /* Goods.swift */ = {isa = PBXFileReference; lastKnownFileType = sourcecode.swift; path = Goods.swift; sourceTree = "<group>"; };
		3BD8B729247500B8009D1299 /* GoodsList.swift */ = {isa = PBXFileReference; lastKnownFileType = sourcecode.swift; path = GoodsList.swift; sourceTree = "<group>"; };
		3BD8B72B2475015C009D1299 /* GoodsRow.swift */ = {isa = PBXFileReference; lastKnownFileType = sourcecode.swift; path = GoodsRow.swift; sourceTree = "<group>"; };
		3BD8B72D2475045A009D1299 /* allGoods.swift */ = {isa = PBXFileReference; lastKnownFileType = sourcecode.swift; path = allGoods.swift; sourceTree = "<group>"; };
		3BD8B72F24750B11009D1299 /* Chart.swift */ = {isa = PBXFileReference; lastKnownFileType = sourcecode.swift; path = Chart.swift; sourceTree = "<group>"; };
		3BD8B73124751497009D1299 /* DonutChart.swift */ = {isa = PBXFileReference; lastKnownFileType = sourcecode.swift; path = DonutChart.swift; sourceTree = "<group>"; };
/* End PBXFileReference section */

/* Begin PBXFrameworksBuildPhase section */
		3BD8B7002474F5AD009D1299 /* Frameworks */ = {
			isa = PBXFrameworksBuildPhase;
			buildActionMask = 2147483647;
			files = (
			);
			runOnlyForDeploymentPostprocessing = 0;
		};
/* End PBXFrameworksBuildPhase section */

/* Begin PBXGroup section */
		3BD8B6FA2474F5AD009D1299 = {
			isa = PBXGroup;
			children = (
				3BD8B7052474F5AD009D1299 /* hw-4 */,
				3BD8B7042474F5AD009D1299 /* Products */,
			);
			sourceTree = "<group>";
		};
		3BD8B7042474F5AD009D1299 /* Products */ = {
			isa = PBXGroup;
			children = (
				3BD8B7032474F5AD009D1299 /* hw-4.app */,
			);
			name = Products;
			sourceTree = "<group>";
		};
		3BD8B7052474F5AD009D1299 /* hw-4 */ = {
			isa = PBXGroup;
			children = (
				3BD8B7062474F5AD009D1299 /* AppDelegate.swift */,
				3BD8B7082474F5AD009D1299 /* SceneDelegate.swift */,
				3BD8B7272474FBE0009D1299 /* Goods.swift */,
				3BD8B7212474F782009D1299 /* GoodsData.swift */,
				3BD8B7232474F88F009D1299 /* GoodsEditor.swift */,
				3BD8B729247500B8009D1299 /* GoodsList.swift */,
				3BD8B72D2475045A009D1299 /* allGoods.swift */,
				3BD8B72F24750B11009D1299 /* Chart.swift */,
				3BD8B73124751497009D1299 /* DonutChart.swift */,
				3BD8B72B2475015C009D1299 /* GoodsRow.swift */,
				3BD8B70D2474F5AD009D1299 /* ContentView.swift */,
				3BD8B70F2474F5AE009D1299 /* Assets.xcassets */,
				3BD8B7142474F5AE009D1299 /* LaunchScreen.storyboard */,
				3BD8B7172474F5AE009D1299 /* Info.plist */,
				3BD8B70A2474F5AD009D1299 /* hw_4.xcdatamodeld */,
				3BD8B7112474F5AE009D1299 /* Preview Content */,
			);
			path = "hw-4";
			sourceTree = "<group>";
		};
		3BD8B7112474F5AE009D1299 /* Preview Content */ = {
			isa = PBXGroup;
			children = (
				3BD8B7122474F5AE009D1299 /* Preview Assets.xcassets */,
			);
			path = "Preview Content";
			sourceTree = "<group>";
		};
/* End PBXGroup section */

/* Begin PBXNativeTarget section */
		3BD8B7022474F5AD009D1299 /* hw-4 */ = {
			isa = PBXNativeTarget;
			buildConfigurationList = 3BD8B71A2474F5AE009D1299 /* Build configuration list for PBXNativeTarget "hw-4" */;
			buildPhases = (
				3BD8B6FF2474F5AD009D1299 /* Sources */,
				3BD8B7002474F5AD009D1299 /* Frameworks */,
				3BD8B7012474F5AD009D1299 /* Resources */,
			);
			buildRules = (
			);
			dependencies = (
			);
			name = "hw-4";
			productName = "hw-4";
			productReference = 3BD8B7032474F5AD009D1299 /* hw-4.app */;
			productType = "com.apple.product-type.application";
		};
/* End PBXNativeTarget section */

/* Begin PBXProject section */
		3BD8B6FB2474F5AD009D1299 /* Project object */ = {
			isa = PBXProject;
			attributes = {
				LastSwiftUpdateCheck = 1140;
				LastUpgradeCheck = 1140;
				ORGANIZATIONNAME = 00657110;
				TargetAttributes = {
					3BD8B7022474F5AD009D1299 = {
						CreatedOnToolsVersion = 11.4.1;
					};
				};
			};
			buildConfigurationList = 3BD8B6FE2474F5AD009D1299 /* Build configuration list for PBXProject "hw-4" */;
			compatibilityVersion = "Xcode 9.3";
			developmentRegion = en;
			hasScannedForEncodings = 0;
			knownRegions = (
				en,
				Base,
			);
			mainGroup = 3BD8B6FA2474F5AD009D1299;
			productRefGroup = 3BD8B7042474F5AD009D1299 /* Products */;
			projectDirPath = "";
			projectRoot = "";
			targets = (
				3BD8B7022474F5AD009D1299 /* hw-4 */,
			);
		};
/* End PBXProject section */

/* Begin PBXResourcesBuildPhase section */
		3BD8B7012474F5AD009D1299 /* Resources */ = {
			isa = PBXResourcesBuildPhase;
			buildActionMask = 2147483647;
			files = (
				3BD8B7162474F5AE009D1299 /* LaunchScreen.storyboard in Resources */,
				3BD8B7132474F5AE009D1299 /* Preview Assets.xcassets in Resources */,
				3BD8B7102474F5AE009D1299 /* Assets.xcassets in Resources */,
			);
			runOnlyForDeploymentPostprocessing = 0;
		};
/* End PBXResourcesBuildPhase section */

/* Begin PBXSourcesBuildPhase section */
		3BD8B6FF2474F5AD009D1299 /* Sources */ = {
			isa = PBXSourcesBuildPhase;
			buildActionMask = 2147483647;
			files = (
				3BD8B7072474F5AD009D1299 /* AppDelegate.swift in Sources */,
				3BD8B7282474FBE0009D1299 /* Goods.swift in Sources */,
				3BD8B72A247500B8009D1299 /* GoodsList.swift in Sources */,
				3BD8B73224751497009D1299 /* DonutChart.swift in Sources */,
				3BD8B73024750B11009D1299 /* Chart.swift in Sources */,
				3BD8B70C2474F5AD009D1299 /* hw_4.xcdatamodeld in Sources */,
				3BD8B7222474F782009D1299 /* GoodsData.swift in Sources */,
				3BD8B70E2474F5AD009D1299 /* ContentView.swift in Sources */,
				3BD8B7092474F5AD009D1299 /* SceneDelegate.swift in Sources */,
				3BD8B72C2475015C009D1299 /* GoodsRow.swift in Sources */,
				3BD8B72E2475045A009D1299 /* allGoods.swift in Sources */,
				3BD8B7242474F88F009D1299 /* GoodsEditor.swift in Sources */,
			);
			runOnlyForDeploymentPostprocessing = 0;
		};
/* End PBXSourcesBuildPhase section */

/* Begin PBXVariantGroup section */
		3BD8B7142474F5AE009D1299 /* LaunchScreen.storyboard */ = {
			isa = PBXVariantGroup;
			children = (
				3BD8B7152474F5AE009D1299 /* Base */,
			);
			name = LaunchScreen.storyboard;
			sourceTree = "<group>";
		};
/* End PBXVariantGroup section */

/* Begin XCBuildConfiguration section */
		3BD8B7182474F5AE009D1299 /* Debug */ = {
			isa = XCBuildConfiguration;
			buildSettings = {
				ALWAYS_SEARCH_USER_PATHS = NO;
				CLANG_ANALYZER_NONNULL = YES;
				CLANG_ANALYZER_NUMBER_OBJECT_CONVERSION = YES_AGGRESSIVE;
				CLANG_CXX_LANGUAGE_STANDARD = "gnu++14";
				CLANG_CXX_LIBRARY = "libc++";
				CLANG_ENABLE_MODULES = YES;
				CLANG_ENABLE_OBJC_ARC = YES;
				CLANG_ENABLE_OBJC_WEAK = YES;
				CLANG_WARN_BLOCK_CAPTURE_AUTORELEASING = YES;
				CLANG_WARN_BOOL_CONVERSION = YES;
				CLANG_WARN_COMMA = YES;
				CLANG_WARN_CONSTANT_CONVERSION = YES;
				CLANG_WARN_DEPRECATED_OBJC_IMPLEMENTATIONS = YES;
				CLANG_WARN_DIRECT_OBJC_ISA_USAGE = YES_ERROR;
				CLANG_WARN_DOCUMENTATION_COMMENTS = YES;
				CLANG_WARN_EMPTY_BODY = YES;
				CLANG_WARN_ENUM_CONVERSION = YES;
				CLANG_WARN_INFINITE_RECURSION = YES;
				CLANG_WARN_INT_CONVERSION = YES;
				CLANG_WARN_NON_LITERAL_NULL_CONVERSION = YES;
				CLANG_WARN_OBJC_IMPLICIT_RETAIN_SELF = YES;
				CLANG_WARN_OBJC_LITERAL_CONVERSION = YES;
				CLANG_WARN_OBJC_ROOT_CLASS = YES_ERROR;
				CLANG_WARN_RANGE_LOOP_ANALYSIS = YES;
				CLANG_WARN_STRICT_PROTOTYPES = YES;
				CLANG_WARN_SUSPICIOUS_MOVE = YES;
				CLANG_WARN_UNGUARDED_AVAILABILITY = YES_AGGRESSIVE;
				CLANG_WARN_UNREACHABLE_CODE = YES;
				CLANG_WARN__DUPLICATE_METHOD_MATCH = YES;
				COPY_PHASE_STRIP = NO;
				DEBUG_INFORMATION_FORMAT = dwarf;
				ENABLE_STRICT_OBJC_MSGSEND = YES;
				ENABLE_TESTABILITY = YES;
				GCC_C_LANGUAGE_STANDARD = gnu11;
				GCC_DYNAMIC_NO_PIC = NO;
				GCC_NO_COMMON_BLOCKS = YES;
				GCC_OPTIMIZATION_LEVEL = 0;
				GCC_PREPROCESSOR_DEFINITIONS = (
					"DEBUG=1",
					"$(inherited)",
				);
				GCC_WARN_64_TO_32_BIT_CONVERSION = YES;
				GCC_WARN_ABOUT_RETURN_TYPE = YES_ERROR;
				GCC_WARN_UNDECLARED_SELECTOR = YES;
				GCC_WARN_UNINITIALIZED_AUTOS = YES_AGGRESSIVE;
				GCC_WARN_UNUSED_FUNCTION = YES;
				GCC_WARN_UNUSED_VARIABLE = YES;
				IPHONEOS_DEPLOYMENT_TARGET = 13.4;
				MTL_ENABLE_DEBUG_INFO = INCLUDE_SOURCE;
				MTL_FAST_MATH = YES;
				ONLY_ACTIVE_ARCH = YES;
				SDKROOT = iphoneos;
				SWIFT_ACTIVE_COMPILATION_CONDITIONS = DEBUG;
				SWIFT_OPTIMIZATION_LEVEL = "-Onone";
			};
			name = Debug;
		};
		3BD8B7192474F5AE009D1299 /* Release */ = {
			isa = XCBuildConfiguration;
			buildSettings = {
				ALWAYS_SEARCH_USER_PATHS = NO;
				CLANG_ANALYZER_NONNULL = YES;
				CLANG_ANALYZER_NUMBER_OBJECT_CONVERSION = YES_AGGRESSIVE;
				CLANG_CXX_LANGUAGE_STANDARD = "gnu++14";
				CLANG_CXX_LIBRARY = "libc++";
				CLANG_ENABLE_MODULES = YES;
				CLANG_ENABLE_OBJC_ARC = YES;
				CLANG_ENABLE_OBJC_WEAK = YES;
				CLANG_WARN_BLOCK_CAPTURE_AUTORELEASING = YES;
				CLANG_WARN_BOOL_CONVERSION = YES;
				CLANG_WARN_COMMA = YES;
				CLANG_WARN_CONSTANT_CONVERSION = YES;
				CLANG_WARN_DEPRECATED_OBJC_IMPLEMENTATIONS = YES;
				CLANG_WARN_DIRECT_OBJC_ISA_USAGE = YES_ERROR;
				CLANG_WARN_DOCUMENTATION_COMMENTS = YES;
				CLANG_WARN_EMPTY_BODY = YES;
				CLANG_WARN_ENUM_CONVERSION = YES;
				CLANG_WARN_INFINITE_RECURSION = YES;
				CLANG_WARN_INT_CONVERSION = YES;
				CLANG_WARN_NON_LITERAL_NULL_CONVERSION = YES;
				CLANG_WARN_OBJC_IMPLICIT_RETAIN_SELF = YES;
				CLANG_WARN_OBJC_LITERAL_CONVERSION = YES;
				CLANG_WARN_OBJC_ROOT_CLASS = YES_ERROR;
				CLANG_WARN_RANGE_LOOP_ANALYSIS = YES;
				CLANG_WARN_STRICT_PROTOTYPES = YES;
				CLANG_WARN_SUSPICIOUS_MOVE = YES;
				CLANG_WARN_UNGUARDED_AVAILABILITY = YES_AGGRESSIVE;
				CLANG_WARN_UNREACHABLE_CODE = YES;
				CLANG_WARN__DUPLICATE_METHOD_MATCH = YES;
				COPY_PHASE_STRIP = NO;
				DEBUG_INFORMATION_FORMAT = "dwarf-with-dsym";
				ENABLE_NS_ASSERTIONS = NO;
				ENABLE_STRICT_OBJC_MSGSEND = YES;
				GCC_C_LANGUAGE_STANDARD = gnu11;
				GCC_NO_COMMON_BLOCKS = YES;
				GCC_WARN_64_TO_32_BIT_CONVERSION = YES;
				GCC_WARN_ABOUT_RETURN_TYPE = YES_ERROR;
				GCC_WARN_UNDECLARED_SELECTOR = YES;
				GCC_WARN_UNINITIALIZED_AUTOS = YES_AGGRESSIVE;
				GCC_WARN_UNUSED_FUNCTION = YES;
				GCC_WARN_UNUSED_VARIABLE = YES;
				IPHONEOS_DEPLOYMENT_TARGET = 13.4;
				MTL_ENABLE_DEBUG_INFO = NO;
				MTL_FAST_MATH = YES;
				SDKROOT = iphoneos;
				SWIFT_COMPILATION_MODE = wholemodule;
				SWIFT_OPTIMIZATION_LEVEL = "-O";
				VALIDATE_PRODUCT = YES;
			};
			name = Release;
		};
		3BD8B71B2474F5AE009D1299 /* Debug */ = {
			isa = XCBuildConfiguration;
			buildSettings = {
				ASSETCATALOG_COMPILER_APPICON_NAME = AppIcon;
				CODE_SIGN_STYLE = Automatic;
				DEVELOPMENT_ASSET_PATHS = "\"hw-4/Preview Content\"";
				ENABLE_PREVIEWS = YES;
				INFOPLIST_FILE = "hw-4/Info.plist";
				LD_RUNPATH_SEARCH_PATHS = (
					"$(inherited)",
					"@executable_path/Frameworks",
				);
				PRODUCT_BUNDLE_IDENTIFIER = "ntou.hw-4";
				PRODUCT_NAME = "$(TARGET_NAME)";
				SWIFT_VERSION = 5.0;
				TARGETED_DEVICE_FAMILY = "1,2";
			};
			name = Debug;
		};
		3BD8B71C2474F5AE009D1299 /* Release */ = {
			isa = XCBuildConfiguration;
			buildSettings = {
				ASSETCATALOG_COMPILER_APPICON_NAME = AppIcon;
				CODE_SIGN_STYLE = Automatic;
				DEVELOPMENT_ASSET_PATHS = "\"hw-4/Preview Content\"";
				ENABLE_PREVIEWS = YES;
				INFOPLIST_FILE = "hw-4/Info.plist";
				LD_RUNPATH_SEARCH_PATHS = (
					"$(inherited)",
					"@executable_path/Frameworks",
				);
				PRODUCT_BUNDLE_IDENTIFIER = "ntou.hw-4";
				PRODUCT_NAME = "$(TARGET_NAME)";
				SWIFT_VERSION = 5.0;
				TARGETED_DEVICE_FAMILY = "1,2";
			};
			name = Release;
		};
/* End XCBuildConfiguration section */

/* Begin XCConfigurationList section */
		3BD8B6FE2474F5AD009D1299 /* Build configuration list for PBXProject "hw-4" */ = {
			isa = XCConfigurationList;
			buildConfigurations = (
				3BD8B7182474F5AE009D1299 /* Debug */,
				3BD8B7192474F5AE009D1299 /* Release */,
			);
			defaultConfigurationIsVisible = 0;
			defaultConfigurationName = Release;
		};
		3BD8B71A2474F5AE009D1299 /* Build configuration list for PBXNativeTarget "hw-4" */ = {
			isa = XCConfigurationList;
			buildConfigurations = (
				3BD8B71B2474F5AE009D1299 /* Debug */,
				3BD8B71C2474F5AE009D1299 /* Release */,
			);
			defaultConfigurationIsVisible = 0;
			defaultConfigurationName = Release;
		};
/* End XCConfigurationList section */

/* Begin XCVersionGroup section */
		3BD8B70A2474F5AD009D1299 /* hw_4.xcdatamodeld */ = {
			isa = XCVersionGroup;
			children = (
				3BD8B70B2474F5AD009D1299 /* hw_4.xcdatamodel */,
			);
			currentVersion = 3BD8B70B2474F5AD009D1299 /* hw_4.xcdatamodel */;
			path = hw_4.xcdatamodeld;
			sourceTree = "<group>";
			versionGroupType = wrapper.xcdatamodel;
		};
/* End XCVersionGroup section */
	};
	rootObject = 3BD8B6FB2474F5AD009D1299 /* Project object */;
}
